
Microsoft Visual Studio Solution File, Format Version 12.00
# Visual Studio Version 17
VisualStudioVersion = 17.0.31919.166
MinimumVisualStudioVersion = 10.0.40219.1
Project("{FAE04EC0-301F-11D3-BF4B-00C04F79EFBC}") = "Laba4", "Laba4\Laba4.csproj", "{8AEEAC60-3E8F-406B-B1C9-455DFCC7DF49}"
EndProject
Global
	GlobalSection(SolutionConfigurationPlatforms) = preSolution
		Debug|Any CPU = Debug|Any CPU
		Release|Any CPU = Release|Any CPU
	EndGlobalSection
	GlobalSection(ProjectConfigurationPlatforms) = postSolution
		{8AEEAC60-3E8F-406B-B1C9-455DFCC7DF49}.Debug|Any CPU.ActiveCfg = Debug|Any CPU
		{8AEEAC60-3E8F-406B-B1C9-455DFCC7DF49}.Debug|Any CPU.Build.0 = Debug|Any CPU
		{8AEEAC60-3E8F-406B-B1C9-455DFCC7DF49}.Release|Any CPU.ActiveCfg = Release|Any CPU
		{8AEEAC60-3E8F-406B-B1C9-455DFCC7DF49}.Release|Any CPU.Build.0 = Release|Any CPU
	EndGlobalSection
	GlobalSection(SolutionProperties) = preSolution
		HideSolutionNode = FALSE
	EndGlobalSection
	GlobalSection(ExtensibilityGlobals) = postSolution
		SolutionGuid = {6E1E50DE-494F-4261-9F1D-BBE318BDCC62}
	EndGlobalSection
EndGlobal
